
Microsoft Visual Studio Solution File, Format Version 12.00
# Visual Studio Version 17
VisualStudioVersion = 17.14.36717.8
MinimumVisualStudioVersion = 10.0.40219.1
Project("{FAE04EC0-301F-11D3-BF4B-00C04F79EFBC}") = "Week6-RESTFULAPI", "Week6-RESTFULAPI.csproj", "{7902310F-4169-437B-A069-19382FD404C4}"
EndProject
Project("{FAE04EC0-301F-11D3-BF4B-00C04F79EFBC}") = "TestProject1", "..\TestProject1\TestProject1.csproj", "{7AC61F59-1AD0-424D-AE08-E806DF9B010F}"
EndProject
Global
	GlobalSection(SolutionConfigurationPlatforms) = preSolution
		Debug|Any CPU = Debug|Any CPU
		Release|Any CPU = Release|Any CPU
	EndGlobalSection
	GlobalSection(ProjectConfigurationPlatforms) = postSolution
		{7902310F-4169-437B-A069-19382FD404C4}.Debug|Any CPU.ActiveCfg = Debug|Any CPU
		{7902310F-4169-437B-A069-19382FD404C4}.Debug|Any CPU.Build.0 = Debug|Any CPU
		{7902310F-4169-437B-A069-19382FD404C4}.Debug|Any CPU.Deploy.0 = Debug|Any CPU
		{7902310F-4169-437B-A069-19382FD404C4}.Release|Any CPU.ActiveCfg = Release|Any CPU
		{7902310F-4169-437B-A069-19382FD404C4}.Release|Any CPU.Build.0 = Release|Any CPU
		{7AC61F59-1AD0-424D-AE08-E806DF9B010F}.Debug|Any CPU.ActiveCfg = Debug|Any CPU
		{7AC61F59-1AD0-424D-AE08-E806DF9B010F}.Debug|Any CPU.Build.0 = Debug|Any CPU
		{7AC61F59-1AD0-424D-AE08-E806DF9B010F}.Release|Any CPU.ActiveCfg = Release|Any CPU
		{7AC61F59-1AD0-424D-AE08-E806DF9B010F}.Release|Any CPU.Build.0 = Release|Any CPU
	EndGlobalSection
	GlobalSection(SolutionProperties) = preSolution
		HideSolutionNode = FALSE
	EndGlobalSection
	GlobalSection(ExtensibilityGlobals) = postSolution
		SolutionGuid = {F73C38DF-E5EE-48B5-A73D-8263C3D5D264}
	EndGlobalSection
EndGlobal
